
Microsoft Visual Studio Solution File, Format Version 12.00
# Visual Studio Version 17
VisualStudioVersion = 17.4.33213.308
MinimumVisualStudioVersion = 10.0.40219.1
Project("{8BC9CEB8-8B4A-11D0-8D11-00A0C91BC942}") = "SunPosition", "SunPosition\SunPosition.vcxproj", "{066A45E8-8B19-4F92-B12C-8001B0AB0BBB}"
EndProject
Project("{8BC9CEB8-8B4A-11D0-8D11-00A0C91BC942}") = "Demo", "Demo\Demo.vcxproj", "{B3458CC7-ED47-41B4-BF6F-7B91E22DAB69}"
EndProject
Global
	GlobalSection(SolutionConfigurationPlatforms) = preSolution
		Debug|x64 = Debug|x64
		Debug|x86 = Debug|x86
		Release|x64 = Release|x64
		Release|x86 = Release|x86
	EndGlobalSection
	GlobalSection(ProjectConfigurationPlatforms) = postSolution
		{066A45E8-8B19-4F92-B12C-8001B0AB0BBB}.Debug|x64.ActiveCfg = Debug|x64
		{066A45E8-8B19-4F92-B12C-8001B0AB0BBB}.Debug|x64.Build.0 = Debug|x64
		{066A45E8-8B19-4F92-B12C-8001B0AB0BBB}.Debug|x86.ActiveCfg = Debug|Win32
		{066A45E8-8B19-4F92-B12C-8001B0AB0BBB}.Debug|x86.Build.0 = Debug|Win32
		{066A45E8-8B19-4F92-B12C-8001B0AB0BBB}.Release|x64.ActiveCfg = Release|x64
		{066A45E8-8B19-4F92-B12C-8001B0AB0BBB}.Release|x64.Build.0 = Release|x64
		{066A45E8-8B19-4F92-B12C-8001B0AB0BBB}.Release|x86.ActiveCfg = Release|Win32
		{066A45E8-8B19-4F92-B12C-8001B0AB0BBB}.Release|x86.Build.0 = Release|Win32
		{B3458CC7-ED47-41B4-BF6F-7B91E22DAB69}.Debug|x64.ActiveCfg = Debug|x64
		{B3458CC7-ED47-41B4-BF6F-7B91E22DAB69}.Debug|x64.Build.0 = Debug|x64
		{B3458CC7-ED47-41B4-BF6F-7B91E22DAB69}.Debug|x86.ActiveCfg = Debug|Win32
		{B3458CC7-ED47-41B4-BF6F-7B91E22DAB69}.Debug|x86.Build.0 = Debug|Win32
		{B3458CC7-ED47-41B4-BF6F-7B91E22DAB69}.Release|x64.ActiveCfg = Release|x64
		{B3458CC7-ED47-41B4-BF6F-7B91E22DAB69}.Release|x64.Build.0 = Release|x64
		{B3458CC7-ED47-41B4-BF6F-7B91E22DAB69}.Release|x86.ActiveCfg = Release|Win32
		{B3458CC7-ED47-41B4-BF6F-7B91E22DAB69}.Release|x86.Build.0 = Release|Win32
	EndGlobalSection
	GlobalSection(SolutionProperties) = preSolution
		HideSolutionNode = FALSE
	EndGlobalSection
	GlobalSection(ExtensibilityGlobals) = postSolution
		SolutionGuid = {91AB9A5B-0234-415B-B00F-EC52DFBC4E5F}
	EndGlobalSection
EndGlobal
